
Microsoft Visual Studio Solution File, Format Version 12.00
# Visual Studio Version 16
VisualStudioVersion = 16.0.29905.134
MinimumVisualStudioVersion = 10.0.40219.1
Project("{2150E333-8FDC-42A3-9474-1A3956D46DE8}") = "Patterns", "Patterns", "{67D99327-C18B-4C54-B50B-4A525302DECB}"
EndProject
Project("{FAE04EC0-301F-11D3-BF4B-00C04F79EFBC}") = "Patterns.Decorator", "Patterns.Decorator\Patterns.Decorator.csproj", "{C900475B-FDE6-4FE0-804B-E56AAF45FD04}"
EndProject
Global
	GlobalSection(SolutionConfigurationPlatforms) = preSolution
		Debug|Any CPU = Debug|Any CPU
		Release|Any CPU = Release|Any CPU
	EndGlobalSection
	GlobalSection(ProjectConfigurationPlatforms) = postSolution
		{C900475B-FDE6-4FE0-804B-E56AAF45FD04}.Debug|Any CPU.ActiveCfg = Debug|Any CPU
		{C900475B-FDE6-4FE0-804B-E56AAF45FD04}.Debug|Any CPU.Build.0 = Debug|Any CPU
		{C900475B-FDE6-4FE0-804B-E56AAF45FD04}.Release|Any CPU.ActiveCfg = Release|Any CPU
		{C900475B-FDE6-4FE0-804B-E56AAF45FD04}.Release|Any CPU.Build.0 = Release|Any CPU
	EndGlobalSection
	GlobalSection(SolutionProperties) = preSolution
		HideSolutionNode = FALSE
	EndGlobalSection
	GlobalSection(NestedProjects) = preSolution
		{C900475B-FDE6-4FE0-804B-E56AAF45FD04} = {67D99327-C18B-4C54-B50B-4A525302DECB}
	EndGlobalSection
	GlobalSection(ExtensibilityGlobals) = postSolution
		SolutionGuid = {2E918211-88F3-4A57-A4A8-336C359B4F97}
	EndGlobalSection
EndGlobal
